
Microsoft Visual Studio Solution File, Format Version 12.00
# Visual Studio Version 17
VisualStudioVersion = 17.7.34024.191
MinimumVisualStudioVersion = 10.0.40219.1
Project("{FAE04EC0-301F-11D3-BF4B-00C04F79EFBC}") = "MealUP", "MealUP.csproj", "{87742F73-1E0F-47D7-80EE-FC03AC0B5441}"
EndProject
Global
	GlobalSection(SolutionConfigurationPlatforms) = preSolution
		Debug|Any CPU = Debug|Any CPU
		Release|Any CPU = Release|Any CPU
	EndGlobalSection
	GlobalSection(ProjectConfigurationPlatforms) = postSolution
		{87742F73-1E0F-47D7-80EE-FC03AC0B5441}.Debug|Any CPU.ActiveCfg = Debug|Any CPU
		{87742F73-1E0F-47D7-80EE-FC03AC0B5441}.Debug|Any CPU.Build.0 = Debug|Any CPU
		{87742F73-1E0F-47D7-80EE-FC03AC0B5441}.Release|Any CPU.ActiveCfg = Release|Any CPU
		{87742F73-1E0F-47D7-80EE-FC03AC0B5441}.Release|Any CPU.Build.0 = Release|Any CPU
	EndGlobalSection
	GlobalSection(SolutionProperties) = preSolution
		HideSolutionNode = FALSE
	EndGlobalSection
	GlobalSection(ExtensibilityGlobals) = postSolution
		SolutionGuid = {A61585BB-7BB2-44DA-A6C6-7AFE58991339}
	EndGlobalSection
EndGlobal
